
Microsoft Visual Studio Solution File, Format Version 12.00
# Visual Studio Version 17
VisualStudioVersion = 17.5.33502.453
MinimumVisualStudioVersion = 10.0.40219.1
Project("{9A19103F-16F7-4668-BE54-9A1E7A4F7556}") = "API_Tests_Demo", "API_Tests_Demo\API_Tests_Demo.csproj", "{A33302FF-7E8D-4BFF-AF30-9250BF124ABE}"
EndProject
Project("{9A19103F-16F7-4668-BE54-9A1E7A4F7556}") = "HttpClientFactory_DI", "HttpClientFactory_DI\HttpClientFactory_DI.csproj", "{3792738B-15F7-4F4D-A8EC-9341B4BBA6EB}"
EndProject
Project("{FAE04EC0-301F-11D3-BF4B-00C04F79EFBC}") = "API_POST_TEST", "API_POST_TEST\API_POST_TEST.csproj", "{8A0BD67B-59DE-4430-9FE5-6074B9E01CE4}"
EndProject
Global
	GlobalSection(SolutionConfigurationPlatforms) = preSolution
		Debug|Any CPU = Debug|Any CPU
		Release|Any CPU = Release|Any CPU
	EndGlobalSection
	GlobalSection(ProjectConfigurationPlatforms) = postSolution
		{A33302FF-7E8D-4BFF-AF30-9250BF124ABE}.Debug|Any CPU.ActiveCfg = Debug|Any CPU
		{A33302FF-7E8D-4BFF-AF30-9250BF124ABE}.Debug|Any CPU.Build.0 = Debug|Any CPU
		{A33302FF-7E8D-4BFF-AF30-9250BF124ABE}.Release|Any CPU.ActiveCfg = Release|Any CPU
		{A33302FF-7E8D-4BFF-AF30-9250BF124ABE}.Release|Any CPU.Build.0 = Release|Any CPU
		{3792738B-15F7-4F4D-A8EC-9341B4BBA6EB}.Debug|Any CPU.ActiveCfg = Debug|Any CPU
		{3792738B-15F7-4F4D-A8EC-9341B4BBA6EB}.Debug|Any CPU.Build.0 = Debug|Any CPU
		{3792738B-15F7-4F4D-A8EC-9341B4BBA6EB}.Release|Any CPU.ActiveCfg = Release|Any CPU
		{3792738B-15F7-4F4D-A8EC-9341B4BBA6EB}.Release|Any CPU.Build.0 = Release|Any CPU
		{8A0BD67B-59DE-4430-9FE5-6074B9E01CE4}.Debug|Any CPU.ActiveCfg = Debug|Any CPU
		{8A0BD67B-59DE-4430-9FE5-6074B9E01CE4}.Debug|Any CPU.Build.0 = Debug|Any CPU
		{8A0BD67B-59DE-4430-9FE5-6074B9E01CE4}.Release|Any CPU.ActiveCfg = Release|Any CPU
		{8A0BD67B-59DE-4430-9FE5-6074B9E01CE4}.Release|Any CPU.Build.0 = Release|Any CPU
	EndGlobalSection
	GlobalSection(SolutionProperties) = preSolution
		HideSolutionNode = FALSE
	EndGlobalSection
	GlobalSection(ExtensibilityGlobals) = postSolution
		SolutionGuid = {6E861DBD-1A3F-4F0F-BF0E-969687AC1FCE}
	EndGlobalSection
EndGlobal
